{
  "version": 4,
  "terraform_version": "1.9.8",
  "serial": 16,
  "lineage": "65acc295-6112-1693-b784-b0891db98458",
  "outputs": {
    "hex": {
      "value": "test04372bf6cf682cd7",
      "type": "string"
    },
    "prefix": {
      "value": "test",
      "type": "string"
    },
    "that": {
      "value": "testBDcr9s9oLNc=",
      "type": "string"
    },
    "this": {
      "value": "BDcr9s9oLNc",
      "type": "string"
    }
  },
  "resources": [
    {
      "mode": "managed",
      "type": "random_id",
      "name": "this",
      "provider": "provider[\"registry.terraform.io/hashicorp/random\"]",
      "instances": [
        {
          "schema_version": 0,
          "attributes": {
            "b64_std": "testBDcr9s9oLNc=",
            "b64_url": "testBDcr9s9oLNc",
            "byte_length": 8,
            "dec": "test303759838912457943",
            "hex": "test04372bf6cf682cd7",
            "id": "BDcr9s9oLNc",
            "keepers": null,
            "prefix": "test"
          },
          "sensitive_attributes": []
        }
      ]
    }
  ],
  "check_results": null
}
